
Microsoft Visual Studio Solution File, Format Version 12.00
# Visual Studio Version 17
VisualStudioVersion = 17.3.32929.385
MinimumVisualStudioVersion = 10.0.40219.1
Project("{FAE04EC0-301F-11D3-BF4B-00C04F79EFBC}") = "ExercicioEmpresa", "ExercicioEmpresa.csproj", "{B31F3C3D-59AF-432F-B228-758677CA67FD}"
EndProject
Global
	GlobalSection(SolutionConfigurationPlatforms) = preSolution
		Debug|Any CPU = Debug|Any CPU
		Release|Any CPU = Release|Any CPU
	EndGlobalSection
	GlobalSection(ProjectConfigurationPlatforms) = postSolution
		{B31F3C3D-59AF-432F-B228-758677CA67FD}.Debug|Any CPU.ActiveCfg = Debug|Any CPU
		{B31F3C3D-59AF-432F-B228-758677CA67FD}.Debug|Any CPU.Build.0 = Debug|Any CPU
		{B31F3C3D-59AF-432F-B228-758677CA67FD}.Release|Any CPU.ActiveCfg = Release|Any CPU
		{B31F3C3D-59AF-432F-B228-758677CA67FD}.Release|Any CPU.Build.0 = Release|Any CPU
	EndGlobalSection
	GlobalSection(SolutionProperties) = preSolution
		HideSolutionNode = FALSE
	EndGlobalSection
	GlobalSection(ExtensibilityGlobals) = postSolution
		SolutionGuid = {E09BE9B3-93CC-4C5A-B8A2-72F55258B4E0}
	EndGlobalSection
EndGlobal
