
Microsoft Visual Studio Solution File, Format Version 12.00
# Visual Studio Version 17
VisualStudioVersion = 17.3.32929.385
MinimumVisualStudioVersion = 10.0.40219.1
Project("{FAE04EC0-301F-11D3-BF4B-00C04F79EFBC}") = "generic2Produtos", "generic2Produtos.csproj", "{30FB8801-025A-48FC-A3C9-EBBB4F20DADB}"
EndProject
Global
	GlobalSection(SolutionConfigurationPlatforms) = preSolution
		Debug|Any CPU = Debug|Any CPU
		Release|Any CPU = Release|Any CPU
	EndGlobalSection
	GlobalSection(ProjectConfigurationPlatforms) = postSolution
		{30FB8801-025A-48FC-A3C9-EBBB4F20DADB}.Debug|Any CPU.ActiveCfg = Debug|Any CPU
		{30FB8801-025A-48FC-A3C9-EBBB4F20DADB}.Debug|Any CPU.Build.0 = Debug|Any CPU
		{30FB8801-025A-48FC-A3C9-EBBB4F20DADB}.Release|Any CPU.ActiveCfg = Release|Any CPU
		{30FB8801-025A-48FC-A3C9-EBBB4F20DADB}.Release|Any CPU.Build.0 = Release|Any CPU
	EndGlobalSection
	GlobalSection(SolutionProperties) = preSolution
		HideSolutionNode = FALSE
	EndGlobalSection
	GlobalSection(ExtensibilityGlobals) = postSolution
		SolutionGuid = {BA05F838-8F0C-470B-94B1-E2D6420B3A59}
	EndGlobalSection
EndGlobal
