
Microsoft Visual Studio Solution File, Format Version 12.00
# Visual Studio Version 17
VisualStudioVersion = 17.3.32929.385
MinimumVisualStudioVersion = 10.0.40219.1
Project("{FAE04EC0-301F-11D3-BF4B-00C04F79EFBC}") = "Exercicio8mod2", "Exercicio8mod2.csproj", "{D5DE1B77-780E-4081-908E-BE9ADA92ED10}"
EndProject
Global
	GlobalSection(SolutionConfigurationPlatforms) = preSolution
		Debug|Any CPU = Debug|Any CPU
		Release|Any CPU = Release|Any CPU
	EndGlobalSection
	GlobalSection(ProjectConfigurationPlatforms) = postSolution
		{D5DE1B77-780E-4081-908E-BE9ADA92ED10}.Debug|Any CPU.ActiveCfg = Debug|Any CPU
		{D5DE1B77-780E-4081-908E-BE9ADA92ED10}.Debug|Any CPU.Build.0 = Debug|Any CPU
		{D5DE1B77-780E-4081-908E-BE9ADA92ED10}.Release|Any CPU.ActiveCfg = Release|Any CPU
		{D5DE1B77-780E-4081-908E-BE9ADA92ED10}.Release|Any CPU.Build.0 = Release|Any CPU
	EndGlobalSection
	GlobalSection(SolutionProperties) = preSolution
		HideSolutionNode = FALSE
	EndGlobalSection
	GlobalSection(ExtensibilityGlobals) = postSolution
		SolutionGuid = {CBEAE160-AB53-4C58-834D-5E98C432E6AB}
	EndGlobalSection
EndGlobal
