
Microsoft Visual Studio Solution File, Format Version 12.00
# Visual Studio Version 17
VisualStudioVersion = 17.3.32929.385
MinimumVisualStudioVersion = 10.0.40219.1
Project("{FAE04EC0-301F-11D3-BF4B-00C04F79EFBC}") = "exercicio1mod2", "exercicio1mod2.csproj", "{E01A1420-6D72-48A0-8472-8DEEAE2C5904}"
EndProject
Global
	GlobalSection(SolutionConfigurationPlatforms) = preSolution
		Debug|Any CPU = Debug|Any CPU
		Release|Any CPU = Release|Any CPU
	EndGlobalSection
	GlobalSection(ProjectConfigurationPlatforms) = postSolution
		{E01A1420-6D72-48A0-8472-8DEEAE2C5904}.Debug|Any CPU.ActiveCfg = Debug|Any CPU
		{E01A1420-6D72-48A0-8472-8DEEAE2C5904}.Debug|Any CPU.Build.0 = Debug|Any CPU
		{E01A1420-6D72-48A0-8472-8DEEAE2C5904}.Release|Any CPU.ActiveCfg = Release|Any CPU
		{E01A1420-6D72-48A0-8472-8DEEAE2C5904}.Release|Any CPU.Build.0 = Release|Any CPU
	EndGlobalSection
	GlobalSection(SolutionProperties) = preSolution
		HideSolutionNode = FALSE
	EndGlobalSection
	GlobalSection(ExtensibilityGlobals) = postSolution
		SolutionGuid = {0AAB3F40-6826-4320-A4E2-9AB9420D2D44}
	EndGlobalSection
EndGlobal
