
Microsoft Visual Studio Solution File, Format Version 12.00
# Visual Studio Version 17
VisualStudioVersion = 17.3.32929.385
MinimumVisualStudioVersion = 10.0.40219.1
Project("{FAE04EC0-301F-11D3-BF4B-00C04F79EFBC}") = "ServicoPagamento", "ServicoPagamento.csproj", "{90845C12-2FD5-4D70-860B-0E15E4292008}"
EndProject
Global
	GlobalSection(SolutionConfigurationPlatforms) = preSolution
		Debug|Any CPU = Debug|Any CPU
		Release|Any CPU = Release|Any CPU
	EndGlobalSection
	GlobalSection(ProjectConfigurationPlatforms) = postSolution
		{90845C12-2FD5-4D70-860B-0E15E4292008}.Debug|Any CPU.ActiveCfg = Debug|Any CPU
		{90845C12-2FD5-4D70-860B-0E15E4292008}.Debug|Any CPU.Build.0 = Debug|Any CPU
		{90845C12-2FD5-4D70-860B-0E15E4292008}.Release|Any CPU.ActiveCfg = Release|Any CPU
		{90845C12-2FD5-4D70-860B-0E15E4292008}.Release|Any CPU.Build.0 = Release|Any CPU
	EndGlobalSection
	GlobalSection(SolutionProperties) = preSolution
		HideSolutionNode = FALSE
	EndGlobalSection
	GlobalSection(ExtensibilityGlobals) = postSolution
		SolutionGuid = {E09D9217-E5A8-4F26-82A5-F4ECFDC117C3}
	EndGlobalSection
EndGlobal
