
Microsoft Visual Studio Solution File, Format Version 12.00
# Visual Studio Version 17
VisualStudioVersion = 17.3.32929.385
MinimumVisualStudioVersion = 10.0.40219.1
Project("{FAE04EC0-301F-11D3-BF4B-00C04F79EFBC}") = "FuncExComSelect", "FuncExComSelect.csproj", "{C11A0AED-DA86-4F33-8649-9AEE12B274C9}"
EndProject
Global
	GlobalSection(SolutionConfigurationPlatforms) = preSolution
		Debug|Any CPU = Debug|Any CPU
		Release|Any CPU = Release|Any CPU
	EndGlobalSection
	GlobalSection(ProjectConfigurationPlatforms) = postSolution
		{C11A0AED-DA86-4F33-8649-9AEE12B274C9}.Debug|Any CPU.ActiveCfg = Debug|Any CPU
		{C11A0AED-DA86-4F33-8649-9AEE12B274C9}.Debug|Any CPU.Build.0 = Debug|Any CPU
		{C11A0AED-DA86-4F33-8649-9AEE12B274C9}.Release|Any CPU.ActiveCfg = Release|Any CPU
		{C11A0AED-DA86-4F33-8649-9AEE12B274C9}.Release|Any CPU.Build.0 = Release|Any CPU
	EndGlobalSection
	GlobalSection(SolutionProperties) = preSolution
		HideSolutionNode = FALSE
	EndGlobalSection
	GlobalSection(ExtensibilityGlobals) = postSolution
		SolutionGuid = {29BDEFAD-346B-47B5-B455-1EA32F3D9438}
	EndGlobalSection
EndGlobal
