
Microsoft Visual Studio Solution File, Format Version 12.00
# Visual Studio Version 17
VisualStudioVersion = 17.3.32929.385
MinimumVisualStudioVersion = 10.0.40219.1
Project("{FAE04EC0-301F-11D3-BF4B-00C04F79EFBC}") = "ComparisonT", "ComparisonT.csproj", "{7D9D639D-B6D5-4FB5-8DB8-99680F57698C}"
EndProject
Global
	GlobalSection(SolutionConfigurationPlatforms) = preSolution
		Debug|Any CPU = Debug|Any CPU
		Release|Any CPU = Release|Any CPU
	EndGlobalSection
	GlobalSection(ProjectConfigurationPlatforms) = postSolution
		{7D9D639D-B6D5-4FB5-8DB8-99680F57698C}.Debug|Any CPU.ActiveCfg = Debug|Any CPU
		{7D9D639D-B6D5-4FB5-8DB8-99680F57698C}.Debug|Any CPU.Build.0 = Debug|Any CPU
		{7D9D639D-B6D5-4FB5-8DB8-99680F57698C}.Release|Any CPU.ActiveCfg = Release|Any CPU
		{7D9D639D-B6D5-4FB5-8DB8-99680F57698C}.Release|Any CPU.Build.0 = Release|Any CPU
	EndGlobalSection
	GlobalSection(SolutionProperties) = preSolution
		HideSolutionNode = FALSE
	EndGlobalSection
	GlobalSection(ExtensibilityGlobals) = postSolution
		SolutionGuid = {44F7691B-8515-45B0-A640-B705B1384529}
	EndGlobalSection
EndGlobal
