
Microsoft Visual Studio Solution File, Format Version 12.00
# Visual Studio Version 17
VisualStudioVersion = 17.3.32929.385
MinimumVisualStudioVersion = 10.0.40219.1
Project("{FAE04EC0-301F-11D3-BF4B-00C04F79EFBC}") = "produtoFinalEx", "produtoFinalEx.csproj", "{DA2B282D-D512-4B1E-94F9-B9CC01606964}"
EndProject
Global
	GlobalSection(SolutionConfigurationPlatforms) = preSolution
		Debug|Any CPU = Debug|Any CPU
		Release|Any CPU = Release|Any CPU
	EndGlobalSection
	GlobalSection(ProjectConfigurationPlatforms) = postSolution
		{DA2B282D-D512-4B1E-94F9-B9CC01606964}.Debug|Any CPU.ActiveCfg = Debug|Any CPU
		{DA2B282D-D512-4B1E-94F9-B9CC01606964}.Debug|Any CPU.Build.0 = Debug|Any CPU
		{DA2B282D-D512-4B1E-94F9-B9CC01606964}.Release|Any CPU.ActiveCfg = Release|Any CPU
		{DA2B282D-D512-4B1E-94F9-B9CC01606964}.Release|Any CPU.Build.0 = Release|Any CPU
	EndGlobalSection
	GlobalSection(SolutionProperties) = preSolution
		HideSolutionNode = FALSE
	EndGlobalSection
	GlobalSection(ExtensibilityGlobals) = postSolution
		SolutionGuid = {75DB5593-4BCF-45A6-910C-D3B1F4E7EA76}
	EndGlobalSection
EndGlobal
