
Microsoft Visual Studio Solution File, Format Version 12.00
# Visual Studio Version 17
VisualStudioVersion = 17.3.32929.385
MinimumVisualStudioVersion = 10.0.40219.1
Project("{FAE04EC0-301F-11D3-BF4B-00C04F79EFBC}") = "Empresa", "Empresa.csproj", "{4FB0623A-F9F7-4284-81A2-80FEB044167A}"
EndProject
Global
	GlobalSection(SolutionConfigurationPlatforms) = preSolution
		Debug|Any CPU = Debug|Any CPU
		Release|Any CPU = Release|Any CPU
	EndGlobalSection
	GlobalSection(ProjectConfigurationPlatforms) = postSolution
		{4FB0623A-F9F7-4284-81A2-80FEB044167A}.Debug|Any CPU.ActiveCfg = Debug|Any CPU
		{4FB0623A-F9F7-4284-81A2-80FEB044167A}.Debug|Any CPU.Build.0 = Debug|Any CPU
		{4FB0623A-F9F7-4284-81A2-80FEB044167A}.Release|Any CPU.ActiveCfg = Release|Any CPU
		{4FB0623A-F9F7-4284-81A2-80FEB044167A}.Release|Any CPU.Build.0 = Release|Any CPU
	EndGlobalSection
	GlobalSection(SolutionProperties) = preSolution
		HideSolutionNode = FALSE
	EndGlobalSection
	GlobalSection(ExtensibilityGlobals) = postSolution
		SolutionGuid = {928954D4-DEC2-491F-8680-21AD1EE4F35D}
	EndGlobalSection
EndGlobal
