
Microsoft Visual Studio Solution File, Format Version 12.00
# Visual Studio Version 17
VisualStudioVersion = 17.3.32929.385
MinimumVisualStudioVersion = 10.0.40219.1
Project("{FAE04EC0-301F-11D3-BF4B-00C04F79EFBC}") = "exercicio2mod3", "exercicio2mod3.csproj", "{F6A40203-C028-4537-8D31-E4FDCCE20BA8}"
EndProject
Global
	GlobalSection(SolutionConfigurationPlatforms) = preSolution
		Debug|Any CPU = Debug|Any CPU
		Release|Any CPU = Release|Any CPU
	EndGlobalSection
	GlobalSection(ProjectConfigurationPlatforms) = postSolution
		{F6A40203-C028-4537-8D31-E4FDCCE20BA8}.Debug|Any CPU.ActiveCfg = Debug|Any CPU
		{F6A40203-C028-4537-8D31-E4FDCCE20BA8}.Debug|Any CPU.Build.0 = Debug|Any CPU
		{F6A40203-C028-4537-8D31-E4FDCCE20BA8}.Release|Any CPU.ActiveCfg = Release|Any CPU
		{F6A40203-C028-4537-8D31-E4FDCCE20BA8}.Release|Any CPU.Build.0 = Release|Any CPU
	EndGlobalSection
	GlobalSection(SolutionProperties) = preSolution
		HideSolutionNode = FALSE
	EndGlobalSection
	GlobalSection(ExtensibilityGlobals) = postSolution
		SolutionGuid = {55D9AFD0-8C8F-4F90-B8D0-9FAC1974051A}
	EndGlobalSection
EndGlobal
